
Microsoft Visual Studio Solution File, Format Version 12.00
# Visual Studio 14
VisualStudioVersion = 14.0.25420.1
MinimumVisualStudioVersion = 10.0.40219.1
Project("{FAE04EC0-301F-11D3-BF4B-00C04F79EFBC}") = "InTouch.Core", "InTouch.Core\InTouch.Core.csproj", "{3A6984B3-DE45-4529-9409-5C3C381AB6C2}"
EndProject
Project("{FAE04EC0-301F-11D3-BF4B-00C04F79EFBC}") = "InTouch.Droid", "InTouch.Droid\InTouch.Droid.csproj", "{86BE1BCC-7637-4035-ACEF-4D45DAB0D8A1}"
EndProject
Project("{FAE04EC0-301F-11D3-BF4B-00C04F79EFBC}") = "InTouch2CGService", "..\InTouch2CG_Runtime\InTouch2CGService\InTouch2CGService.csproj", "{209FA716-A7AD-4095-BD70-C8710FC66FA7}"
EndProject
Global
	GlobalSection(SolutionConfigurationPlatforms) = preSolution
		Debug|Any CPU = Debug|Any CPU
		Release|Any CPU = Release|Any CPU
	EndGlobalSection
	GlobalSection(ProjectConfigurationPlatforms) = postSolution
		{3A6984B3-DE45-4529-9409-5C3C381AB6C2}.Debug|Any CPU.ActiveCfg = Debug|Any CPU
		{3A6984B3-DE45-4529-9409-5C3C381AB6C2}.Debug|Any CPU.Build.0 = Debug|Any CPU
		{3A6984B3-DE45-4529-9409-5C3C381AB6C2}.Release|Any CPU.ActiveCfg = Release|Any CPU
		{3A6984B3-DE45-4529-9409-5C3C381AB6C2}.Release|Any CPU.Build.0 = Release|Any CPU
		{86BE1BCC-7637-4035-ACEF-4D45DAB0D8A1}.Debug|Any CPU.ActiveCfg = Debug|Any CPU
		{86BE1BCC-7637-4035-ACEF-4D45DAB0D8A1}.Debug|Any CPU.Build.0 = Debug|Any CPU
		{86BE1BCC-7637-4035-ACEF-4D45DAB0D8A1}.Release|Any CPU.ActiveCfg = Release|Any CPU
		{86BE1BCC-7637-4035-ACEF-4D45DAB0D8A1}.Release|Any CPU.Build.0 = Release|Any CPU
		{209FA716-A7AD-4095-BD70-C8710FC66FA7}.Debug|Any CPU.ActiveCfg = Debug|Any CPU
		{209FA716-A7AD-4095-BD70-C8710FC66FA7}.Debug|Any CPU.Build.0 = Debug|Any CPU
		{209FA716-A7AD-4095-BD70-C8710FC66FA7}.Release|Any CPU.ActiveCfg = Release|Any CPU
		{209FA716-A7AD-4095-BD70-C8710FC66FA7}.Release|Any CPU.Build.0 = Release|Any CPU
	EndGlobalSection
	GlobalSection(SolutionProperties) = preSolution
		HideSolutionNode = FALSE
	EndGlobalSection
EndGlobal
