
Microsoft Visual Studio Solution File, Format Version 12.00
# Visual Studio 2012
Project("{FAE04EC0-301F-11D3-BF4B-00C04F79EFBC}") = "InTouch", "InTouch\InTouch.csproj", "{489BCC42-7E26-4306-ADD0-F91401A799AE}"
EndProject
Global
	GlobalSection(SolutionConfigurationPlatforms) = preSolution
		Debug|Any CPU = Debug|Any CPU
		Release|Any CPU = Release|Any CPU
	EndGlobalSection
	GlobalSection(ProjectConfigurationPlatforms) = postSolution
		{489BCC42-7E26-4306-ADD0-F91401A799AE}.Debug|Any CPU.ActiveCfg = Debug|Any CPU
		{489BCC42-7E26-4306-ADD0-F91401A799AE}.Debug|Any CPU.Build.0 = Debug|Any CPU
		{489BCC42-7E26-4306-ADD0-F91401A799AE}.Release|Any CPU.ActiveCfg = Release|Any CPU
		{489BCC42-7E26-4306-ADD0-F91401A799AE}.Release|Any CPU.Build.0 = Release|Any CPU
	EndGlobalSection
EndGlobal
